
Microsoft Visual Studio Solution File, Format Version 12.00
# Visual Studio Version 16
VisualStudioVersion = 16.0.30907.101
MinimumVisualStudioVersion = 10.0.40219.1
Project("{FAE04EC0-301F-11D3-BF4B-00C04F79EFBC}") = "Calculator", "Calculator\Calculator.csproj", "{321E1073-598B-43F7-B14E-E9E92C4D7936}"
EndProject
Project("{FAE04EC0-301F-11D3-BF4B-00C04F79EFBC}") = "Calculator.Test.Unit", "Calculator.Test.Unit\Calculator.Test.Unit.csproj", "{DF1B079C-BEB6-4FBF-80CA-200689A50F77}"
EndProject
Global
	GlobalSection(SolutionConfigurationPlatforms) = preSolution
		Debug|Any CPU = Debug|Any CPU
		Release|Any CPU = Release|Any CPU
	EndGlobalSection
	GlobalSection(ProjectConfigurationPlatforms) = postSolution
		{321E1073-598B-43F7-B14E-E9E92C4D7936}.Debug|Any CPU.ActiveCfg = Debug|Any CPU
		{321E1073-598B-43F7-B14E-E9E92C4D7936}.Debug|Any CPU.Build.0 = Debug|Any CPU
		{321E1073-598B-43F7-B14E-E9E92C4D7936}.Release|Any CPU.ActiveCfg = Release|Any CPU
		{321E1073-598B-43F7-B14E-E9E92C4D7936}.Release|Any CPU.Build.0 = Release|Any CPU
		{DF1B079C-BEB6-4FBF-80CA-200689A50F77}.Debug|Any CPU.ActiveCfg = Debug|Any CPU
		{DF1B079C-BEB6-4FBF-80CA-200689A50F77}.Debug|Any CPU.Build.0 = Debug|Any CPU
		{DF1B079C-BEB6-4FBF-80CA-200689A50F77}.Release|Any CPU.ActiveCfg = Release|Any CPU
		{DF1B079C-BEB6-4FBF-80CA-200689A50F77}.Release|Any CPU.Build.0 = Release|Any CPU
	EndGlobalSection
	GlobalSection(SolutionProperties) = preSolution
		HideSolutionNode = FALSE
	EndGlobalSection
	GlobalSection(ExtensibilityGlobals) = postSolution
		SolutionGuid = {5235D3D6-B00A-45B3-8C17-AA17EC7152DC}
	EndGlobalSection
EndGlobal
